
Microsoft Visual Studio Solution File, Format Version 12.00
# Visual Studio Version 17
VisualStudioVersion = 17.6.33829.357
MinimumVisualStudioVersion = 10.0.40219.1
Project("{9A19103F-16F7-4668-BE54-9A1E7A4F7556}") = "MovieStoreAPI.Web", "MovieStoreAPI.Web\MovieStoreAPI.Web.csproj", "{1111BDF5-08A2-4E0A-A23C-3EFB81A1C0B1}"
EndProject
Project("{FAE04EC0-301F-11D3-BF4B-00C04F79EFBC}") = "MovieStoreAPI.Business", "MovieStoreAPI.Business\MovieStoreAPI.Business.csproj", "{1AF4BFA7-6A0D-49A7-B715-3125C0EF17E0}"
EndProject
Project("{FAE04EC0-301F-11D3-BF4B-00C04F79EFBC}") = "MovieStoreAPI.Data", "MovieStoreAPI.Data\MovieStoreAPI.Data.csproj", "{375D8D48-5F8D-4949-812F-2AE0AF3465B6}"
EndProject
Project("{FAE04EC0-301F-11D3-BF4B-00C04F79EFBC}") = "MovieStoreAPI.Base", "MovieStoreAPI.Base\MovieStoreAPI.Base.csproj", "{F2B5CB79-64D1-42ED-A36C-36BABFB41D14}"
EndProject
Global
	GlobalSection(SolutionConfigurationPlatforms) = preSolution
		Debug|Any CPU = Debug|Any CPU
		Release|Any CPU = Release|Any CPU
	EndGlobalSection
	GlobalSection(ProjectConfigurationPlatforms) = postSolution
		{1111BDF5-08A2-4E0A-A23C-3EFB81A1C0B1}.Debug|Any CPU.ActiveCfg = Debug|Any CPU
		{1111BDF5-08A2-4E0A-A23C-3EFB81A1C0B1}.Debug|Any CPU.Build.0 = Debug|Any CPU
		{1111BDF5-08A2-4E0A-A23C-3EFB81A1C0B1}.Release|Any CPU.ActiveCfg = Release|Any CPU
		{1111BDF5-08A2-4E0A-A23C-3EFB81A1C0B1}.Release|Any CPU.Build.0 = Release|Any CPU
		{1AF4BFA7-6A0D-49A7-B715-3125C0EF17E0}.Debug|Any CPU.ActiveCfg = Debug|Any CPU
		{1AF4BFA7-6A0D-49A7-B715-3125C0EF17E0}.Debug|Any CPU.Build.0 = Debug|Any CPU
		{1AF4BFA7-6A0D-49A7-B715-3125C0EF17E0}.Release|Any CPU.ActiveCfg = Release|Any CPU
		{1AF4BFA7-6A0D-49A7-B715-3125C0EF17E0}.Release|Any CPU.Build.0 = Release|Any CPU
		{375D8D48-5F8D-4949-812F-2AE0AF3465B6}.Debug|Any CPU.ActiveCfg = Debug|Any CPU
		{375D8D48-5F8D-4949-812F-2AE0AF3465B6}.Debug|Any CPU.Build.0 = Debug|Any CPU
		{375D8D48-5F8D-4949-812F-2AE0AF3465B6}.Release|Any CPU.ActiveCfg = Release|Any CPU
		{375D8D48-5F8D-4949-812F-2AE0AF3465B6}.Release|Any CPU.Build.0 = Release|Any CPU
		{F2B5CB79-64D1-42ED-A36C-36BABFB41D14}.Debug|Any CPU.ActiveCfg = Debug|Any CPU
		{F2B5CB79-64D1-42ED-A36C-36BABFB41D14}.Debug|Any CPU.Build.0 = Debug|Any CPU
		{F2B5CB79-64D1-42ED-A36C-36BABFB41D14}.Release|Any CPU.ActiveCfg = Release|Any CPU
		{F2B5CB79-64D1-42ED-A36C-36BABFB41D14}.Release|Any CPU.Build.0 = Release|Any CPU
	EndGlobalSection
	GlobalSection(SolutionProperties) = preSolution
		HideSolutionNode = FALSE
	EndGlobalSection
	GlobalSection(ExtensibilityGlobals) = postSolution
		SolutionGuid = {12466188-2F0E-41CB-BEA7-A65726A4967A}
	EndGlobalSection
EndGlobal
